
Microsoft Visual Studio Solution File, Format Version 12.00
# Visual Studio Version 17
VisualStudioVersion = 17.14.36414.22
MinimumVisualStudioVersion = 10.0.40219.1
Project("{FAE04EC0-301F-11D3-BF4B-00C04F79EFBC}") = "SuppManagerDB", "SuppManagerDB\SuppManagerDB.csproj", "{C097A145-1B47-4F1A-9308-04EAF65C850B}"
EndProject
Project("{FAE04EC0-301F-11D3-BF4B-00C04F79EFBC}") = "SuppManagerDB.DAL", "SuppManagerDB.DAL\SuppManagerDB.DAL.csproj", "{4CDC5E01-AE5C-4DC7-889A-0E33060EAEEE}"
EndProject
Project("{FAE04EC0-301F-11D3-BF4B-00C04F79EFBC}") = "SuppManagerDB.DTO", "SuppManagerDB.DTO\SuppManagerDB.DTO.csproj", "{5E676A57-F582-409D-93A0-A27E12CAB6E7}"
EndProject
Global
	GlobalSection(SolutionConfigurationPlatforms) = preSolution
		Debug|Any CPU = Debug|Any CPU
		Release|Any CPU = Release|Any CPU
	EndGlobalSection
	GlobalSection(ProjectConfigurationPlatforms) = postSolution
		{C097A145-1B47-4F1A-9308-04EAF65C850B}.Debug|Any CPU.ActiveCfg = Debug|Any CPU
		{C097A145-1B47-4F1A-9308-04EAF65C850B}.Debug|Any CPU.Build.0 = Debug|Any CPU
		{C097A145-1B47-4F1A-9308-04EAF65C850B}.Release|Any CPU.ActiveCfg = Release|Any CPU
		{C097A145-1B47-4F1A-9308-04EAF65C850B}.Release|Any CPU.Build.0 = Release|Any CPU
		{4CDC5E01-AE5C-4DC7-889A-0E33060EAEEE}.Debug|Any CPU.ActiveCfg = Debug|Any CPU
		{4CDC5E01-AE5C-4DC7-889A-0E33060EAEEE}.Debug|Any CPU.Build.0 = Debug|Any CPU
		{4CDC5E01-AE5C-4DC7-889A-0E33060EAEEE}.Release|Any CPU.ActiveCfg = Release|Any CPU
		{4CDC5E01-AE5C-4DC7-889A-0E33060EAEEE}.Release|Any CPU.Build.0 = Release|Any CPU
		{5E676A57-F582-409D-93A0-A27E12CAB6E7}.Debug|Any CPU.ActiveCfg = Debug|Any CPU
		{5E676A57-F582-409D-93A0-A27E12CAB6E7}.Debug|Any CPU.Build.0 = Debug|Any CPU
		{5E676A57-F582-409D-93A0-A27E12CAB6E7}.Release|Any CPU.ActiveCfg = Release|Any CPU
		{5E676A57-F582-409D-93A0-A27E12CAB6E7}.Release|Any CPU.Build.0 = Release|Any CPU
	EndGlobalSection
	GlobalSection(SolutionProperties) = preSolution
		HideSolutionNode = FALSE
	EndGlobalSection
	GlobalSection(ExtensibilityGlobals) = postSolution
		SolutionGuid = {D2F01059-5D64-4BCC-A9CD-266D920380CC}
	EndGlobalSection
EndGlobal
